// !$*UTF8*$!
{
	archiveVersion = 1;
	classes = {
	};
	objectVersion = 46;
	objects = {

/* Begin PBXBuildFile section */
		0418E49B1ABC5B9200489DF5 /* Comment.m in Sources */ = {isa = PBXBuildFile; fileRef = 0418E49A1ABC5B9200489DF5 /* Comment.m */; };
		0423AC341ABD9BA900DA3430 /* AdvanceCommentCell.m in Sources */ = {isa = PBXBuildFile; fileRef = 0423AC331ABD9BA900DA3430 /* AdvanceCommentCell.m */; };
		0423AC381AC1005A00DA3430 /* UIView+Shortcut.m in Sources */ = {isa = PBXBuildFile; fileRef = 0423AC371AC1005A00DA3430 /* UIView+Shortcut.m */; };
		04276D971AB7BDFC0069DCDB /* GeneralDetailViewController.m in Sources */ = {isa = PBXBuildFile; fileRef = 04276D951AB7BDFC0069DCDB /* GeneralDetailViewController.m */; };
		04276D981AB7BDFC0069DCDB /* GeneralDetailViewController.xib in Resources */ = {isa = PBXBuildFile; fileRef = 04276D961AB7BDFC0069DCDB /* GeneralDetailViewController.xib */; };
		04B8BC281AADD64A006FACEA /* BigPhotoCell.m in Sources */ = {isa = PBXBuildFile; fileRef = 04B8BC211AADD64A006FACEA /* BigPhotoCell.m */; };
		04B8BC291AADD64A006FACEA /* BuyInfoCell.m in Sources */ = {isa = PBXBuildFile; fileRef = 04B8BC231AADD64A006FACEA /* BuyInfoCell.m */; };
		04B8BC2A1AADD64A006FACEA /* CommentCell.m in Sources */ = {isa = PBXBuildFile; fileRef = 04B8BC251AADD64A006FACEA /* CommentCell.m */; };
		04B8BC2F1AADD681006FACEA /* Model.m in Sources */ = {isa = PBXBuildFile; fileRef = 04B8BC2E1AADD681006FACEA /* Model.m */; };
		04B8BC321AADD900006FACEA /* SellerInfoCell.m in Sources */ = {isa = PBXBuildFile; fileRef = 04B8BC311AADD900006FACEA /* SellerInfoCell.m */; };
		04B8BC3A1AADDCC3006FACEA /* cell_01.png in Resources */ = {isa = PBXBuildFile; fileRef = 04B8BC361AADDCC3006FACEA /* cell_01.png */; };
		04B8BC3B1AADDCC3006FACEA /* cell_02.png in Resources */ = {isa = PBXBuildFile; fileRef = 04B8BC371AADDCC3006FACEA /* cell_02.png */; };
		04B8BC3C1AADDCC3006FACEA /* cell_03.png in Resources */ = {isa = PBXBuildFile; fileRef = 04B8BC381AADDCC3006FACEA /* cell_03.png */; };
		04B8BC3D1AADDCC3006FACEA /* cell_04.png in Resources */ = {isa = PBXBuildFile; fileRef = 04B8BC391AADDCC3006FACEA /* cell_04.png */; };
		04BA82411A9DF5E7004EE5C6 /* main.m in Sources */ = {isa = PBXBuildFile; fileRef = 04BA82401A9DF5E7004EE5C6 /* main.m */; };
		04BA82441A9DF5E7004EE5C6 /* AppDelegate.m in Sources */ = {isa = PBXBuildFile; fileRef = 04BA82431A9DF5E7004EE5C6 /* AppDelegate.m */; };
		04BA824D1A9DF5E7004EE5C6 /* Main.storyboard in Resources */ = {isa = PBXBuildFile; fileRef = 04BA824B1A9DF5E7004EE5C6 /* Main.storyboard */; };
		04BA824F1A9DF5E7004EE5C6 /* Images.xcassets in Resources */ = {isa = PBXBuildFile; fileRef = 04BA824E1A9DF5E7004EE5C6 /* Images.xcassets */; };
		04BA82521A9DF5E7004EE5C6 /* LaunchScreen.xib in Resources */ = {isa = PBXBuildFile; fileRef = 04BA82501A9DF5E7004EE5C6 /* LaunchScreen.xib */; };
		9D24354F208AE3BF008E9162 /* DetailDemoViewController.m in Sources */ = {isa = PBXBuildFile; fileRef = 9D24354E208AE3BF008E9162 /* DetailDemoViewController.m */; };
		9D24356E208AE959008E9162 /* NSLayoutConstraint+MASDebugAdditions.m in Sources */ = {isa = PBXBuildFile; fileRef = 9D243555208AE958008E9162 /* NSLayoutConstraint+MASDebugAdditions.m */; };
		9D24356F208AE959008E9162 /* ViewController+MASAdditions.m in Sources */ = {isa = PBXBuildFile; fileRef = 9D24355E208AE958008E9162 /* ViewController+MASAdditions.m */; };
		9D243570208AE959008E9162 /* MASCompositeConstraint.m in Sources */ = {isa = PBXBuildFile; fileRef = 9D243562208AE958008E9162 /* MASCompositeConstraint.m */; };
		9D243571208AE959008E9162 /* MASConstraintMaker.m in Sources */ = {isa = PBXBuildFile; fileRef = 9D243563208AE958008E9162 /* MASConstraintMaker.m */; };
		9D243572208AE959008E9162 /* MASLayoutConstraint.m in Sources */ = {isa = PBXBuildFile; fileRef = 9D243564208AE958008E9162 /* MASLayoutConstraint.m */; };
		9D243573208AE959008E9162 /* NSArray+MASAdditions.m in Sources */ = {isa = PBXBuildFile; fileRef = 9D243565208AE958008E9162 /* NSArray+MASAdditions.m */; };
		9D243574208AE959008E9162 /* View+MASAdditions.m in Sources */ = {isa = PBXBuildFile; fileRef = 9D243566208AE958008E9162 /* View+MASAdditions.m */; };
		9D243575208AE959008E9162 /* MASConstraint.m in Sources */ = {isa = PBXBuildFile; fileRef = 9D243569208AE958008E9162 /* MASConstraint.m */; };
		9D243576208AE959008E9162 /* MASViewConstraint.m in Sources */ = {isa = PBXBuildFile; fileRef = 9D24356B208AE958008E9162 /* MASViewConstraint.m */; };
		9D243577208AE959008E9162 /* MASViewAttribute.m in Sources */ = {isa = PBXBuildFile; fileRef = 9D24356C208AE958008E9162 /* MASViewAttribute.m */; };
		9D243578208AE959008E9162 /* Info.plist in Resources */ = {isa = PBXBuildFile; fileRef = 9D24356D208AE958008E9162 /* Info.plist */; };
		9D24357E208DD0FE008E9162 /* ListDemoViewController.m in Sources */ = {isa = PBXBuildFile; fileRef = 9D24357D208DD0FE008E9162 /* ListDemoViewController.m */; };
		9D34948C20B0123800AEBB71 /* JHBaseTableViewController.m in Sources */ = {isa = PBXBuildFile; fileRef = 9D34948820B0123700AEBB71 /* JHBaseTableViewController.m */; };
		9D34948D20B0123800AEBB71 /* JHBaseCell.m in Sources */ = {isa = PBXBuildFile; fileRef = 9D34948B20B0123700AEBB71 /* JHBaseCell.m */; };
		9D36A536211424210021ECD1 /* JHCellConfig.podspec in Resources */ = {isa = PBXBuildFile; fileRef = 9D36A535211424200021ECD1 /* JHCellConfig.podspec */; };
		9D44F2B22119682800DA20C5 /* BlankCell.m in Sources */ = {isa = PBXBuildFile; fileRef = 9D44F2B12119682800DA20C5 /* BlankCell.m */; };
		9DBF803420A96A76001ABD8C /* JHCellConfig.m in Sources */ = {isa = PBXBuildFile; fileRef = 9DBF803320A96A76001ABD8C /* JHCellConfig.m */; };
/* End PBXBuildFile section */

/* Begin PBXFileReference section */
		0418E4991ABC5B9200489DF5 /* Comment.h */ = {isa = PBXFileReference; fileEncoding = 4; lastKnownFileType = sourcecode.c.h; path = Comment.h; sourceTree = "<group>"; };
		0418E49A1ABC5B9200489DF5 /* Comment.m */ = {isa = PBXFileReference; fileEncoding = 4; lastKnownFileType = sourcecode.c.objc; path = Comment.m; sourceTree = "<group>"; };
		0423AC321ABD9BA900DA3430 /* AdvanceCommentCell.h */ = {isa = PBXFileReference; fileEncoding = 4; lastKnownFileType = sourcecode.c.h; path = AdvanceCommentCell.h; sourceTree = "<group>"; };
		0423AC331ABD9BA900DA3430 /* AdvanceCommentCell.m */ = {isa = PBXFileReference; fileEncoding = 4; lastKnownFileType = sourcecode.c.objc; path = AdvanceCommentCell.m; sourceTree = "<group>"; };
		0423AC361AC1005A00DA3430 /* UIView+Shortcut.h */ = {isa = PBXFileReference; fileEncoding = 4; lastKnownFileType = sourcecode.c.h; path = "UIView+Shortcut.h"; sourceTree = "<group>"; };
		0423AC371AC1005A00DA3430 /* UIView+Shortcut.m */ = {isa = PBXFileReference; fileEncoding = 4; lastKnownFileType = sourcecode.c.objc; path = "UIView+Shortcut.m"; sourceTree = "<group>"; };
		04276D941AB7BDFC0069DCDB /* GeneralDetailViewController.h */ = {isa = PBXFileReference; fileEncoding = 4; lastKnownFileType = sourcecode.c.h; path = GeneralDetailViewController.h; sourceTree = "<group>"; };
		04276D951AB7BDFC0069DCDB /* GeneralDetailViewController.m */ = {isa = PBXFileReference; fileEncoding = 4; lastKnownFileType = sourcecode.c.objc; path = GeneralDetailViewController.m; sourceTree = "<group>"; };
		04276D961AB7BDFC0069DCDB /* GeneralDetailViewController.xib */ = {isa = PBXFileReference; fileEncoding = 4; lastKnownFileType = file.xib; path = GeneralDetailViewController.xib; sourceTree = "<group>"; };
		04B8BC201AADD64A006FACEA /* BigPhotoCell.h */ = {isa = PBXFileReference; fileEncoding = 4; lastKnownFileType = sourcecode.c.h; path = BigPhotoCell.h; sourceTree = "<group>"; };
		04B8BC211AADD64A006FACEA /* BigPhotoCell.m */ = {isa = PBXFileReference; fileEncoding = 4; lastKnownFileType = sourcecode.c.objc; path = BigPhotoCell.m; sourceTree = "<group>"; };
		04B8BC221AADD64A006FACEA /* BuyInfoCell.h */ = {isa = PBXFileReference; fileEncoding = 4; lastKnownFileType = sourcecode.c.h; path = BuyInfoCell.h; sourceTree = "<group>"; };
		04B8BC231AADD64A006FACEA /* BuyInfoCell.m */ = {isa = PBXFileReference; fileEncoding = 4; lastKnownFileType = sourcecode.c.objc; path = BuyInfoCell.m; sourceTree = "<group>"; };
		04B8BC241AADD64A006FACEA /* CommentCell.h */ = {isa = PBXFileReference; fileEncoding = 4; lastKnownFileType = sourcecode.c.h; path = CommentCell.h; sourceTree = "<group>"; };
		04B8BC251AADD64A006FACEA /* CommentCell.m */ = {isa = PBXFileReference; fileEncoding = 4; lastKnownFileType = sourcecode.c.objc; path = CommentCell.m; sourceTree = "<group>"; };
		04B8BC2D1AADD681006FACEA /* Model.h */ = {isa = PBXFileReference; fileEncoding = 4; lastKnownFileType = sourcecode.c.h; path = Model.h; sourceTree = "<group>"; };
		04B8BC2E1AADD681006FACEA /* Model.m */ = {isa = PBXFileReference; fileEncoding = 4; lastKnownFileType = sourcecode.c.objc; path = Model.m; sourceTree = "<group>"; };
		04B8BC301AADD900006FACEA /* SellerInfoCell.h */ = {isa = PBXFileReference; fileEncoding = 4; lastKnownFileType = sourcecode.c.h; path = SellerInfoCell.h; sourceTree = "<group>"; };
		04B8BC311AADD900006FACEA /* SellerInfoCell.m */ = {isa = PBXFileReference; fileEncoding = 4; lastKnownFileType = sourcecode.c.objc; path = SellerInfoCell.m; sourceTree = "<group>"; };
		04B8BC341AADDB0A006FACEA /* Macro.h */ = {isa = PBXFileReference; lastKnownFileType = sourcecode.c.h; path = Macro.h; sourceTree = "<group>"; };
		04B8BC361AADDCC3006FACEA /* cell_01.png */ = {isa = PBXFileReference; lastKnownFileType = image.png; path = cell_01.png; sourceTree = "<group>"; };
		04B8BC371AADDCC3006FACEA /* cell_02.png */ = {isa = PBXFileReference; lastKnownFileType = image.png; path = cell_02.png; sourceTree = "<group>"; };
		04B8BC381AADDCC3006FACEA /* cell_03.png */ = {isa = PBXFileReference; lastKnownFileType = image.png; path = cell_03.png; sourceTree = "<group>"; };
		04B8BC391AADDCC3006FACEA /* cell_04.png */ = {isa = PBXFileReference; lastKnownFileType = image.png; path = cell_04.png; sourceTree = "<group>"; };
		04BA823B1A9DF5E7004EE5C6 /* JHCellConfigDemo.app */ = {isa = PBXFileReference; explicitFileType = wrapper.application; includeInIndex = 0; path = JHCellConfigDemo.app; sourceTree = BUILT_PRODUCTS_DIR; };
		04BA823F1A9DF5E7004EE5C6 /* Info.plist */ = {isa = PBXFileReference; lastKnownFileType = text.plist.xml; path = Info.plist; sourceTree = "<group>"; };
		04BA82401A9DF5E7004EE5C6 /* main.m */ = {isa = PBXFileReference; lastKnownFileType = sourcecode.c.objc; path = main.m; sourceTree = "<group>"; };
		04BA82421A9DF5E7004EE5C6 /* AppDelegate.h */ = {isa = PBXFileReference; lastKnownFileType = sourcecode.c.h; path = AppDelegate.h; sourceTree = "<group>"; };
		04BA82431A9DF5E7004EE5C6 /* AppDelegate.m */ = {isa = PBXFileReference; lastKnownFileType = sourcecode.c.objc; path = AppDelegate.m; sourceTree = "<group>"; };
		04BA824C1A9DF5E7004EE5C6 /* Base */ = {isa = PBXFileReference; lastKnownFileType = file.storyboard; name = Base; path = Base.lproj/Main.storyboard; sourceTree = "<group>"; };
		04BA824E1A9DF5E7004EE5C6 /* Images.xcassets */ = {isa = PBXFileReference; lastKnownFileType = folder.assetcatalog; path = Images.xcassets; sourceTree = "<group>"; };
		04BA82511A9DF5E7004EE5C6 /* Base */ = {isa = PBXFileReference; lastKnownFileType = file.xib; name = Base; path = Base.lproj/LaunchScreen.xib; sourceTree = "<group>"; };
		9D24354D208AE3BF008E9162 /* DetailDemoViewController.h */ = {isa = PBXFileReference; lastKnownFileType = sourcecode.c.h; path = DetailDemoViewController.h; sourceTree = "<group>"; };
		9D24354E208AE3BF008E9162 /* DetailDemoViewController.m */ = {isa = PBXFileReference; lastKnownFileType = sourcecode.c.objc; path = DetailDemoViewController.m; sourceTree = "<group>"; };
		9D243554208AE958008E9162 /* MASCompositeConstraint.h */ = {isa = PBXFileReference; fileEncoding = 4; lastKnownFileType = sourcecode.c.h; path = MASCompositeConstraint.h; sourceTree = "<group>"; };
		9D243555208AE958008E9162 /* NSLayoutConstraint+MASDebugAdditions.m */ = {isa = PBXFileReference; fileEncoding = 4; lastKnownFileType = sourcecode.c.objc; path = "NSLayoutConstraint+MASDebugAdditions.m"; sourceTree = "<group>"; };
		9D243556208AE958008E9162 /* MASConstraint+Private.h */ = {isa = PBXFileReference; fileEncoding = 4; lastKnownFileType = sourcecode.c.h; path = "MASConstraint+Private.h"; sourceTree = "<group>"; };
		9D243557208AE958008E9162 /* MASLayoutConstraint.h */ = {isa = PBXFileReference; fileEncoding = 4; lastKnownFileType = sourcecode.c.h; path = MASLayoutConstraint.h; sourceTree = "<group>"; };
		9D243558208AE958008E9162 /* NSArray+MASShorthandAdditions.h */ = {isa = PBXFileReference; fileEncoding = 4; lastKnownFileType = sourcecode.c.h; path = "NSArray+MASShorthandAdditions.h"; sourceTree = "<group>"; };
		9D243559208AE958008E9162 /* MASConstraintMaker.h */ = {isa = PBXFileReference; fileEncoding = 4; lastKnownFileType = sourcecode.c.h; path = MASConstraintMaker.h; sourceTree = "<group>"; };
		9D24355A208AE958008E9162 /* View+MASAdditions.h */ = {isa = PBXFileReference; fileEncoding = 4; lastKnownFileType = sourcecode.c.h; path = "View+MASAdditions.h"; sourceTree = "<group>"; };
		9D24355B208AE958008E9162 /* NSArray+MASAdditions.h */ = {isa = PBXFileReference; fileEncoding = 4; lastKnownFileType = sourcecode.c.h; path = "NSArray+MASAdditions.h"; sourceTree = "<group>"; };
		9D24355C208AE958008E9162 /* MASUtilities.h */ = {isa = PBXFileReference; fileEncoding = 4; lastKnownFileType = sourcecode.c.h; path = MASUtilities.h; sourceTree = "<group>"; };
		9D24355D208AE958008E9162 /* MASViewAttribute.h */ = {isa = PBXFileReference; fileEncoding = 4; lastKnownFileType = sourcecode.c.h; path = MASViewAttribute.h; sourceTree = "<group>"; };
		9D24355E208AE958008E9162 /* ViewController+MASAdditions.m */ = {isa = PBXFileReference; fileEncoding = 4; lastKnownFileType = sourcecode.c.objc; path = "ViewController+MASAdditions.m"; sourceTree = "<group>"; };
		9D24355F208AE958008E9162 /* MASViewConstraint.h */ = {isa = PBXFileReference; fileEncoding = 4; lastKnownFileType = sourcecode.c.h; path = MASViewConstraint.h; sourceTree = "<group>"; };
		9D243560208AE958008E9162 /* MASConstraint.h */ = {isa = PBXFileReference; fileEncoding = 4; lastKnownFileType = sourcecode.c.h; path = MASConstraint.h; sourceTree = "<group>"; };
		9D243561208AE958008E9162 /* NSLayoutConstraint+MASDebugAdditions.h */ = {isa = PBXFileReference; fileEncoding = 4; lastKnownFileType = sourcecode.c.h; path = "NSLayoutConstraint+MASDebugAdditions.h"; sourceTree = "<group>"; };
		9D243562208AE958008E9162 /* MASCompositeConstraint.m */ = {isa = PBXFileReference; fileEncoding = 4; lastKnownFileType = sourcecode.c.objc; path = MASCompositeConstraint.m; sourceTree = "<group>"; };
		9D243563208AE958008E9162 /* MASConstraintMaker.m */ = {isa = PBXFileReference; fileEncoding = 4; lastKnownFileType = sourcecode.c.objc; path = MASConstraintMaker.m; sourceTree = "<group>"; };
		9D243564208AE958008E9162 /* MASLayoutConstraint.m */ = {isa = PBXFileReference; fileEncoding = 4; lastKnownFileType = sourcecode.c.objc; path = MASLayoutConstraint.m; sourceTree = "<group>"; };
		9D243565208AE958008E9162 /* NSArray+MASAdditions.m */ = {isa = PBXFileReference; fileEncoding = 4; lastKnownFileType = sourcecode.c.objc; path = "NSArray+MASAdditions.m"; sourceTree = "<group>"; };
		9D243566208AE958008E9162 /* View+MASAdditions.m */ = {isa = PBXFileReference; fileEncoding = 4; lastKnownFileType = sourcecode.c.objc; path = "View+MASAdditions.m"; sourceTree = "<group>"; };
		9D243567208AE958008E9162 /* View+MASShorthandAdditions.h */ = {isa = PBXFileReference; fileEncoding = 4; lastKnownFileType = sourcecode.c.h; path = "View+MASShorthandAdditions.h"; sourceTree = "<group>"; };
		9D243568208AE958008E9162 /* Masonry.h */ = {isa = PBXFileReference; fileEncoding = 4; lastKnownFileType = sourcecode.c.h; path = Masonry.h; sourceTree = "<group>"; };
		9D243569208AE958008E9162 /* MASConstraint.m */ = {isa = PBXFileReference; fileEncoding = 4; lastKnownFileType = sourcecode.c.objc; path = MASConstraint.m; sourceTree = "<group>"; };
		9D24356A208AE958008E9162 /* ViewController+MASAdditions.h */ = {isa = PBXFileReference; fileEncoding = 4; lastKnownFileType = sourcecode.c.h; path = "ViewController+MASAdditions.h"; sourceTree = "<group>"; };
		9D24356B208AE958008E9162 /* MASViewConstraint.m */ = {isa = PBXFileReference; fileEncoding = 4; lastKnownFileType = sourcecode.c.objc; path = MASViewConstraint.m; sourceTree = "<group>"; };
		9D24356C208AE958008E9162 /* MASViewAttribute.m */ = {isa = PBXFileReference; fileEncoding = 4; lastKnownFileType = sourcecode.c.objc; path = MASViewAttribute.m; sourceTree = "<group>"; };
		9D24356D208AE958008E9162 /* Info.plist */ = {isa = PBXFileReference; fileEncoding = 4; lastKnownFileType = text.plist.xml; path = Info.plist; sourceTree = "<group>"; };
		9D24357C208DD0FE008E9162 /* ListDemoViewController.h */ = {isa = PBXFileReference; lastKnownFileType = sourcecode.c.h; path = ListDemoViewController.h; sourceTree = "<group>"; };
		9D24357D208DD0FE008E9162 /* ListDemoViewController.m */ = {isa = PBXFileReference; lastKnownFileType = sourcecode.c.objc; path = ListDemoViewController.m; sourceTree = "<group>"; };
		9D34948820B0123700AEBB71 /* JHBaseTableViewController.m */ = {isa = PBXFileReference; fileEncoding = 4; lastKnownFileType = sourcecode.c.objc; path = JHBaseTableViewController.m; sourceTree = "<group>"; };
		9D34948920B0123700AEBB71 /* JHBaseCell.h */ = {isa = PBXFileReference; fileEncoding = 4; lastKnownFileType = sourcecode.c.h; path = JHBaseCell.h; sourceTree = "<group>"; };
		9D34948A20B0123700AEBB71 /* JHBaseTableViewController.h */ = {isa = PBXFileReference; fileEncoding = 4; lastKnownFileType = sourcecode.c.h; path = JHBaseTableViewController.h; sourceTree = "<group>"; };
		9D34948B20B0123700AEBB71 /* JHBaseCell.m */ = {isa = PBXFileReference; fileEncoding = 4; lastKnownFileType = sourcecode.c.objc; path = JHBaseCell.m; sourceTree = "<group>"; };
		9D36A535211424200021ECD1 /* JHCellConfig.podspec */ = {isa = PBXFileReference; fileEncoding = 4; lastKnownFileType = text; path = JHCellConfig.podspec; sourceTree = SOURCE_ROOT; };
		9D44F2B02119682800DA20C5 /* BlankCell.h */ = {isa = PBXFileReference; lastKnownFileType = sourcecode.c.h; path = BlankCell.h; sourceTree = "<group>"; };
		9D44F2B12119682800DA20C5 /* BlankCell.m */ = {isa = PBXFileReference; lastKnownFileType = sourcecode.c.objc; path = BlankCell.m; sourceTree = "<group>"; };
		9DBF803220A96A76001ABD8C /* JHCellConfig.h */ = {isa = PBXFileReference; fileEncoding = 4; lastKnownFileType = sourcecode.c.h; path = JHCellConfig.h; sourceTree = "<group>"; };
		9DBF803320A96A76001ABD8C /* JHCellConfig.m */ = {isa = PBXFileReference; fileEncoding = 4; lastKnownFileType = sourcecode.c.objc; path = JHCellConfig.m; sourceTree = "<group>"; };
/* End PBXFileReference section */

/* Begin PBXFrameworksBuildPhase section */
		04BA82381A9DF5E7004EE5C6 /* Frameworks */ = {
			isa = PBXFrameworksBuildPhase;
			buildActionMask = 2147483647;
			files = (
			);
			runOnlyForDeploymentPostprocessing = 0;
		};
/* End PBXFrameworksBuildPhase section */

/* Begin PBXGroup section */
		0423AC351AC1005A00DA3430 /* UIView+Shortcut */ = {
			isa = PBXGroup;
			children = (
				0423AC361AC1005A00DA3430 /* UIView+Shortcut.h */,
				0423AC371AC1005A00DA3430 /* UIView+Shortcut.m */,
			);
			path = "UIView+Shortcut";
			sourceTree = "<group>";
		};
		04B8BC1F1AADD64A006FACEA /* Cells */ = {
			isa = PBXGroup;
			children = (
				04B8BC201AADD64A006FACEA /* BigPhotoCell.h */,
				04B8BC211AADD64A006FACEA /* BigPhotoCell.m */,
				04B8BC221AADD64A006FACEA /* BuyInfoCell.h */,
				04B8BC231AADD64A006FACEA /* BuyInfoCell.m */,
				04B8BC241AADD64A006FACEA /* CommentCell.h */,
				04B8BC251AADD64A006FACEA /* CommentCell.m */,
				04B8BC301AADD900006FACEA /* SellerInfoCell.h */,
				04B8BC311AADD900006FACEA /* SellerInfoCell.m */,
				0423AC321ABD9BA900DA3430 /* AdvanceCommentCell.h */,
				0423AC331ABD9BA900DA3430 /* AdvanceCommentCell.m */,
				9D44F2B02119682800DA20C5 /* BlankCell.h */,
				9D44F2B12119682800DA20C5 /* BlankCell.m */,
			);
			path = Cells;
			sourceTree = "<group>";
		};
		04B8BC2C1AADD666006FACEA /* Models */ = {
			isa = PBXGroup;
			children = (
				04B8BC2D1AADD681006FACEA /* Model.h */,
				04B8BC2E1AADD681006FACEA /* Model.m */,
				0418E4991ABC5B9200489DF5 /* Comment.h */,
				0418E49A1ABC5B9200489DF5 /* Comment.m */,
			);
			path = Models;
			sourceTree = "<group>";
		};
		04B8BC351AADDCC3006FACEA /* Images */ = {
			isa = PBXGroup;
			children = (
				04B8BC361AADDCC3006FACEA /* cell_01.png */,
				04B8BC371AADDCC3006FACEA /* cell_02.png */,
				04B8BC381AADDCC3006FACEA /* cell_03.png */,
				04B8BC391AADDCC3006FACEA /* cell_04.png */,
			);
			path = Images;
			sourceTree = "<group>";
		};
		04BA82321A9DF5E7004EE5C6 = {
			isa = PBXGroup;
			children = (
				04BA823D1A9DF5E7004EE5C6 /* JHCellConfigDemo */,
				04BA823C1A9DF5E7004EE5C6 /* Products */,
			);
			sourceTree = "<group>";
		};
		04BA823C1A9DF5E7004EE5C6 /* Products */ = {
			isa = PBXGroup;
			children = (
				04BA823B1A9DF5E7004EE5C6 /* JHCellConfigDemo.app */,
			);
			name = Products;
			sourceTree = "<group>";
		};
		04BA823D1A9DF5E7004EE5C6 /* JHCellConfigDemo */ = {
			isa = PBXGroup;
			children = (
				9D36A535211424200021ECD1 /* JHCellConfig.podspec */,
				04BA824B1A9DF5E7004EE5C6 /* Main.storyboard */,
				9DBF803120A96A76001ABD8C /* JHCellConfig */,
				9D34948720B0123700AEBB71 /* BaseClass */,
				9D24357C208DD0FE008E9162 /* ListDemoViewController.h */,
				9D24357D208DD0FE008E9162 /* ListDemoViewController.m */,
				9D24354D208AE3BF008E9162 /* DetailDemoViewController.h */,
				9D24354E208AE3BF008E9162 /* DetailDemoViewController.m */,
				04276D941AB7BDFC0069DCDB /* GeneralDetailViewController.h */,
				04276D951AB7BDFC0069DCDB /* GeneralDetailViewController.m */,
				04276D961AB7BDFC0069DCDB /* GeneralDetailViewController.xib */,
				04B8BC1F1AADD64A006FACEA /* Cells */,
				04B8BC2C1AADD666006FACEA /* Models */,
				04B8BC351AADDCC3006FACEA /* Images */,
				0423AC351AC1005A00DA3430 /* UIView+Shortcut */,
				9D243553208AE958008E9162 /* Masonry */,
				04B8BC341AADDB0A006FACEA /* Macro.h */,
				04BA823E1A9DF5E7004EE5C6 /* Supporting Files */,
			);
			path = JHCellConfigDemo;
			sourceTree = "<group>";
		};
		04BA823E1A9DF5E7004EE5C6 /* Supporting Files */ = {
			isa = PBXGroup;
			children = (
				04BA82421A9DF5E7004EE5C6 /* AppDelegate.h */,
				04BA82431A9DF5E7004EE5C6 /* AppDelegate.m */,
				04BA824E1A9DF5E7004EE5C6 /* Images.xcassets */,
				04BA82501A9DF5E7004EE5C6 /* LaunchScreen.xib */,
				04BA823F1A9DF5E7004EE5C6 /* Info.plist */,
				04BA82401A9DF5E7004EE5C6 /* main.m */,
			);
			name = "Supporting Files";
			sourceTree = "<group>";
		};
		9D243553208AE958008E9162 /* Masonry */ = {
			isa = PBXGroup;
			children = (
				9D24356D208AE958008E9162 /* Info.plist */,
				9D243554208AE958008E9162 /* MASCompositeConstraint.h */,
				9D243562208AE958008E9162 /* MASCompositeConstraint.m */,
				9D243560208AE958008E9162 /* MASConstraint.h */,
				9D243569208AE958008E9162 /* MASConstraint.m */,
				9D243556208AE958008E9162 /* MASConstraint+Private.h */,
				9D243559208AE958008E9162 /* MASConstraintMaker.h */,
				9D243563208AE958008E9162 /* MASConstraintMaker.m */,
				9D243557208AE958008E9162 /* MASLayoutConstraint.h */,
				9D243564208AE958008E9162 /* MASLayoutConstraint.m */,
				9D243568208AE958008E9162 /* Masonry.h */,
				9D24355C208AE958008E9162 /* MASUtilities.h */,
				9D24355D208AE958008E9162 /* MASViewAttribute.h */,
				9D24356C208AE958008E9162 /* MASViewAttribute.m */,
				9D24355F208AE958008E9162 /* MASViewConstraint.h */,
				9D24356B208AE958008E9162 /* MASViewConstraint.m */,
				9D24355B208AE958008E9162 /* NSArray+MASAdditions.h */,
				9D243565208AE958008E9162 /* NSArray+MASAdditions.m */,
				9D243558208AE958008E9162 /* NSArray+MASShorthandAdditions.h */,
				9D243561208AE958008E9162 /* NSLayoutConstraint+MASDebugAdditions.h */,
				9D243555208AE958008E9162 /* NSLayoutConstraint+MASDebugAdditions.m */,
				9D24355A208AE958008E9162 /* View+MASAdditions.h */,
				9D243566208AE958008E9162 /* View+MASAdditions.m */,
				9D243567208AE958008E9162 /* View+MASShorthandAdditions.h */,
				9D24356A208AE958008E9162 /* ViewController+MASAdditions.h */,
				9D24355E208AE958008E9162 /* ViewController+MASAdditions.m */,
			);
			path = Masonry;
			sourceTree = "<group>";
		};
		9D34948720B0123700AEBB71 /* BaseClass */ = {
			isa = PBXGroup;
			children = (
				9D34948A20B0123700AEBB71 /* JHBaseTableViewController.h */,
				9D34948820B0123700AEBB71 /* JHBaseTableViewController.m */,
				9D34948920B0123700AEBB71 /* JHBaseCell.h */,
				9D34948B20B0123700AEBB71 /* JHBaseCell.m */,
			);
			path = BaseClass;
			sourceTree = "<group>";
		};
		9DBF803120A96A76001ABD8C /* JHCellConfig */ = {
			isa = PBXGroup;
			children = (
				9DBF803220A96A76001ABD8C /* JHCellConfig.h */,
				9DBF803320A96A76001ABD8C /* JHCellConfig.m */,
			);
			name = JHCellConfig;
			path = src/JHCellConfig;
			sourceTree = SOURCE_ROOT;
		};
/* End PBXGroup section */

/* Begin PBXNativeTarget section */
		04BA823A1A9DF5E7004EE5C6 /* JHCellConfigDemo */ = {
			isa = PBXNativeTarget;
			buildConfigurationList = 04BA82611A9DF5E7004EE5C6 /* Build configuration list for PBXNativeTarget "JHCellConfigDemo" */;
			buildPhases = (
				04BA82371A9DF5E7004EE5C6 /* Sources */,
				04BA82381A9DF5E7004EE5C6 /* Frameworks */,
				04BA82391A9DF5E7004EE5C6 /* Resources */,
			);
			buildRules = (
			);
			dependencies = (
			);
			name = JHCellConfigDemo;
			productName = JHCellConfigDemo;
			productReference = 04BA823B1A9DF5E7004EE5C6 /* JHCellConfigDemo.app */;
			productType = "com.apple.product-type.application";
		};
/* End PBXNativeTarget section */

/* Begin PBXProject section */
		04BA82331A9DF5E7004EE5C6 /* Project object */ = {
			isa = PBXProject;
			attributes = {
				LastUpgradeCheck = 0930;
				ORGANIZATIONNAME = JCHu;
				TargetAttributes = {
					04BA823A1A9DF5E7004EE5C6 = {
						CreatedOnToolsVersion = 6.1.1;
					};
				};
			};
			buildConfigurationList = 04BA82361A9DF5E7004EE5C6 /* Build configuration list for PBXProject "JHCellConfigDemo" */;
			compatibilityVersion = "Xcode 3.2";
			developmentRegion = English;
			hasScannedForEncodings = 0;
			knownRegions = (
				en,
				Base,
			);
			mainGroup = 04BA82321A9DF5E7004EE5C6;
			productRefGroup = 04BA823C1A9DF5E7004EE5C6 /* Products */;
			projectDirPath = "";
			projectRoot = "";
			targets = (
				04BA823A1A9DF5E7004EE5C6 /* JHCellConfigDemo */,
			);
		};
/* End PBXProject section */

/* Begin PBXResourcesBuildPhase section */
		04BA82391A9DF5E7004EE5C6 /* Resources */ = {
			isa = PBXResourcesBuildPhase;
			buildActionMask = 2147483647;
			files = (
				04276D981AB7BDFC0069DCDB /* GeneralDetailViewController.xib in Resources */,
				04BA824D1A9DF5E7004EE5C6 /* Main.storyboard in Resources */,
				9D36A536211424210021ECD1 /* JHCellConfig.podspec in Resources */,
				9D243578208AE959008E9162 /* Info.plist in Resources */,
				04BA82521A9DF5E7004EE5C6 /* LaunchScreen.xib in Resources */,
				04B8BC3D1AADDCC3006FACEA /* cell_04.png in Resources */,
				04B8BC3C1AADDCC3006FACEA /* cell_03.png in Resources */,
				04B8BC3A1AADDCC3006FACEA /* cell_01.png in Resources */,
				04B8BC3B1AADDCC3006FACEA /* cell_02.png in Resources */,
				04BA824F1A9DF5E7004EE5C6 /* Images.xcassets in Resources */,
			);
			runOnlyForDeploymentPostprocessing = 0;
		};
/* End PBXResourcesBuildPhase section */

/* Begin PBXSourcesBuildPhase section */
		04BA82371A9DF5E7004EE5C6 /* Sources */ = {
			isa = PBXSourcesBuildPhase;
			buildActionMask = 2147483647;
			files = (
				9D44F2B22119682800DA20C5 /* BlankCell.m in Sources */,
				04BA82441A9DF5E7004EE5C6 /* AppDelegate.m in Sources */,
				9D34948D20B0123800AEBB71 /* JHBaseCell.m in Sources */,
				04B8BC291AADD64A006FACEA /* BuyInfoCell.m in Sources */,
				9D243570208AE959008E9162 /* MASCompositeConstraint.m in Sources */,
				9D34948C20B0123800AEBB71 /* JHBaseTableViewController.m in Sources */,
				04B8BC2A1AADD64A006FACEA /* CommentCell.m in Sources */,
				0423AC341ABD9BA900DA3430 /* AdvanceCommentCell.m in Sources */,
				0423AC381AC1005A00DA3430 /* UIView+Shortcut.m in Sources */,
				9D243575208AE959008E9162 /* MASConstraint.m in Sources */,
				9DBF803420A96A76001ABD8C /* JHCellConfig.m in Sources */,
				9D24356F208AE959008E9162 /* ViewController+MASAdditions.m in Sources */,
				9D243576208AE959008E9162 /* MASViewConstraint.m in Sources */,
				9D243577208AE959008E9162 /* MASViewAttribute.m in Sources */,
				04B8BC321AADD900006FACEA /* SellerInfoCell.m in Sources */,
				9D24356E208AE959008E9162 /* NSLayoutConstraint+MASDebugAdditions.m in Sources */,
				9D243571208AE959008E9162 /* MASConstraintMaker.m in Sources */,
				0418E49B1ABC5B9200489DF5 /* Comment.m in Sources */,
				04BA82411A9DF5E7004EE5C6 /* main.m in Sources */,
				9D24354F208AE3BF008E9162 /* DetailDemoViewController.m in Sources */,
				9D24357E208DD0FE008E9162 /* ListDemoViewController.m in Sources */,
				9D243573208AE959008E9162 /* NSArray+MASAdditions.m in Sources */,
				9D243572208AE959008E9162 /* MASLayoutConstraint.m in Sources */,
				9D243574208AE959008E9162 /* View+MASAdditions.m in Sources */,
				04276D971AB7BDFC0069DCDB /* GeneralDetailViewController.m in Sources */,
				04B8BC281AADD64A006FACEA /* BigPhotoCell.m in Sources */,
				04B8BC2F1AADD681006FACEA /* Model.m in Sources */,
			);
			runOnlyForDeploymentPostprocessing = 0;
		};
/* End PBXSourcesBuildPhase section */

/* Begin PBXVariantGroup section */
		04BA824B1A9DF5E7004EE5C6 /* Main.storyboard */ = {
			isa = PBXVariantGroup;
			children = (
				04BA824C1A9DF5E7004EE5C6 /* Base */,
			);
			name = Main.storyboard;
			sourceTree = "<group>";
		};
		04BA82501A9DF5E7004EE5C6 /* LaunchScreen.xib */ = {
			isa = PBXVariantGroup;
			children = (
				04BA82511A9DF5E7004EE5C6 /* Base */,
			);
			name = LaunchScreen.xib;
			sourceTree = "<group>";
		};
/* End PBXVariantGroup section */

/* Begin XCBuildConfiguration section */
		04BA825F1A9DF5E7004EE5C6 /* Debug */ = {
			isa = XCBuildConfiguration;
			buildSettings = {
				ALWAYS_SEARCH_USER_PATHS = NO;
				CLANG_CXX_LANGUAGE_STANDARD = "gnu++0x";
				CLANG_CXX_LIBRARY = "libc++";
				CLANG_ENABLE_MODULES = YES;
				CLANG_ENABLE_OBJC_ARC = YES;
				CLANG_WARN_BLOCK_CAPTURE_AUTORELEASING = YES;
				CLANG_WARN_BOOL_CONVERSION = YES;
				CLANG_WARN_COMMA = YES;
				CLANG_WARN_CONSTANT_CONVERSION = YES;
				CLANG_WARN_DEPRECATED_OBJC_IMPLEMENTATIONS = YES;
				CLANG_WARN_DIRECT_OBJC_ISA_USAGE = YES_ERROR;
				CLANG_WARN_EMPTY_BODY = YES;
				CLANG_WARN_ENUM_CONVERSION = YES;
				CLANG_WARN_INFINITE_RECURSION = YES;
				CLANG_WARN_INT_CONVERSION = YES;
				CLANG_WARN_NON_LITERAL_NULL_CONVERSION = YES;
				CLANG_WARN_OBJC_IMPLICIT_RETAIN_SELF = YES;
				CLANG_WARN_OBJC_LITERAL_CONVERSION = YES;
				CLANG_WARN_OBJC_ROOT_CLASS = YES_ERROR;
				CLANG_WARN_RANGE_LOOP_ANALYSIS = YES;
				CLANG_WARN_STRICT_PROTOTYPES = YES;
				CLANG_WARN_SUSPICIOUS_MOVE = YES;
				CLANG_WARN_UNREACHABLE_CODE = YES;
				CLANG_WARN__DUPLICATE_METHOD_MATCH = YES;
				"CODE_SIGN_IDENTITY[sdk=iphoneos*]" = "iPhone Developer";
				COPY_PHASE_STRIP = NO;
				ENABLE_STRICT_OBJC_MSGSEND = YES;
				ENABLE_TESTABILITY = YES;
				GCC_C_LANGUAGE_STANDARD = gnu99;
				GCC_DYNAMIC_NO_PIC = NO;
				GCC_NO_COMMON_BLOCKS = YES;
				GCC_OPTIMIZATION_LEVEL = 0;
				GCC_PREPROCESSOR_DEFINITIONS = (
					"DEBUG=1",
					"$(inherited)",
				);
				GCC_SYMBOLS_PRIVATE_EXTERN = NO;
				GCC_WARN_64_TO_32_BIT_CONVERSION = YES;
				GCC_WARN_ABOUT_RETURN_TYPE = YES_ERROR;
				GCC_WARN_UNDECLARED_SELECTOR = YES;
				GCC_WARN_UNINITIALIZED_AUTOS = YES_AGGRESSIVE;
				GCC_WARN_UNUSED_FUNCTION = YES;
				GCC_WARN_UNUSED_VARIABLE = YES;
				IPHONEOS_DEPLOYMENT_TARGET = 8.1;
				MTL_ENABLE_DEBUG_INFO = YES;
				ONLY_ACTIVE_ARCH = YES;
				SDKROOT = iphoneos;
			};
			name = Debug;
		};
		04BA82601A9DF5E7004EE5C6 /* Release */ = {
			isa = XCBuildConfiguration;
			buildSettings = {
				ALWAYS_SEARCH_USER_PATHS = NO;
				CLANG_CXX_LANGUAGE_STANDARD = "gnu++0x";
				CLANG_CXX_LIBRARY = "libc++";
				CLANG_ENABLE_MODULES = YES;
				CLANG_ENABLE_OBJC_ARC = YES;
				CLANG_WARN_BLOCK_CAPTURE_AUTORELEASING = YES;
				CLANG_WARN_BOOL_CONVERSION = YES;
				CLANG_WARN_COMMA = YES;
				CLANG_WARN_CONSTANT_CONVERSION = YES;
				CLANG_WARN_DEPRECATED_OBJC_IMPLEMENTATIONS = YES;
				CLANG_WARN_DIRECT_OBJC_ISA_USAGE = YES_ERROR;
				CLANG_WARN_EMPTY_BODY = YES;
				CLANG_WARN_ENUM_CONVERSION = YES;
				CLANG_WARN_INFINITE_RECURSION = YES;
				CLANG_WARN_INT_CONVERSION = YES;
				CLANG_WARN_NON_LITERAL_NULL_CONVERSION = YES;
				CLANG_WARN_OBJC_IMPLICIT_RETAIN_SELF = YES;
				CLANG_WARN_OBJC_LITERAL_CONVERSION = YES;
				CLANG_WARN_OBJC_ROOT_CLASS = YES_ERROR;
				CLANG_WARN_RANGE_LOOP_ANALYSIS = YES;
				CLANG_WARN_STRICT_PROTOTYPES = YES;
				CLANG_WARN_SUSPICIOUS_MOVE = YES;
				CLANG_WARN_UNREACHABLE_CODE = YES;
				CLANG_WARN__DUPLICATE_METHOD_MATCH = YES;
				"CODE_SIGN_IDENTITY[sdk=iphoneos*]" = "iPhone Developer";
				COPY_PHASE_STRIP = YES;
				ENABLE_NS_ASSERTIONS = NO;
				ENABLE_STRICT_OBJC_MSGSEND = YES;
				GCC_C_LANGUAGE_STANDARD = gnu99;
				GCC_NO_COMMON_BLOCKS = YES;
				GCC_WARN_64_TO_32_BIT_CONVERSION = YES;
				GCC_WARN_ABOUT_RETURN_TYPE = YES_ERROR;
				GCC_WARN_UNDECLARED_SELECTOR = YES;
				GCC_WARN_UNINITIALIZED_AUTOS = YES_AGGRESSIVE;
				GCC_WARN_UNUSED_FUNCTION = YES;
				GCC_WARN_UNUSED_VARIABLE = YES;
				IPHONEOS_DEPLOYMENT_TARGET = 8.1;
				MTL_ENABLE_DEBUG_INFO = NO;
				SDKROOT = iphoneos;
				VALIDATE_PRODUCT = YES;
			};
			name = Release;
		};
		04BA82621A9DF5E7004EE5C6 /* Debug */ = {
			isa = XCBuildConfiguration;
			buildSettings = {
				ASSETCATALOG_COMPILER_APPICON_NAME = AppIcon;
				DEVELOPMENT_TEAM = "";
				INFOPLIST_FILE = JHCellConfigDemo/Info.plist;
				IPHONEOS_DEPLOYMENT_TARGET = 8.0;
				LD_RUNPATH_SEARCH_PATHS = "$(inherited) @executable_path/Frameworks";
				PRODUCT_BUNDLE_IDENTIFIER = "JCHU.$(PRODUCT_NAME:rfc1034identifier)";
				PRODUCT_NAME = "$(TARGET_NAME)";
			};
			name = Debug;
		};
		04BA82631A9DF5E7004EE5C6 /* Release */ = {
			isa = XCBuildConfiguration;
			buildSettings = {
				ASSETCATALOG_COMPILER_APPICON_NAME = AppIcon;
				DEVELOPMENT_TEAM = "";
				INFOPLIST_FILE = JHCellConfigDemo/Info.plist;
				IPHONEOS_DEPLOYMENT_TARGET = 8.0;
				LD_RUNPATH_SEARCH_PATHS = "$(inherited) @executable_path/Frameworks";
				PRODUCT_BUNDLE_IDENTIFIER = "JCHU.$(PRODUCT_NAME:rfc1034identifier)";
				PRODUCT_NAME = "$(TARGET_NAME)";
			};
			name = Release;
		};
/* End XCBuildConfiguration section */

/* Begin XCConfigurationList section */
		04BA82361A9DF5E7004EE5C6 /* Build configuration list for PBXProject "JHCellConfigDemo" */ = {
			isa = XCConfigurationList;
			buildConfigurations = (
				04BA825F1A9DF5E7004EE5C6 /* Debug */,
				04BA82601A9DF5E7004EE5C6 /* Release */,
			);
			defaultConfigurationIsVisible = 0;
			defaultConfigurationName = Release;
		};
		04BA82611A9DF5E7004EE5C6 /* Build configuration list for PBXNativeTarget "JHCellConfigDemo" */ = {
			isa = XCConfigurationList;
			buildConfigurations = (
				04BA82621A9DF5E7004EE5C6 /* Debug */,
				04BA82631A9DF5E7004EE5C6 /* Release */,
			);
			defaultConfigurationIsVisible = 0;
			defaultConfigurationName = Release;
		};
/* End XCConfigurationList section */
	};
	rootObject = 04BA82331A9DF5E7004EE5C6 /* Project object */;
}
